
Microsoft Visual Studio Solution File, Format Version 12.00
# Visual Studio Version 16
VisualStudioVersion = 16.0.30114.105
MinimumVisualStudioVersion = 10.0.40219.1
Project("{FAE04EC0-301F-11D3-BF4B-00C04F79EFBC}") = "BankAccounts", "BankAccounts.App\BankAccounts.csproj", "{02C30C89-A8EE-45E4-9D58-D47711F4ED01}"
EndProject
Project("{FAE04EC0-301F-11D3-BF4B-00C04F79EFBC}") = "BankAccounts.Test", "BankAccounts.Test\BankAccounts.Test.csproj", "{68D1F560-3B6C-4442-BDB6-DC28365E18B5}"
EndProject
Global
	GlobalSection(SolutionConfigurationPlatforms) = preSolution
		Debug|Any CPU = Debug|Any CPU
		Release|Any CPU = Release|Any CPU
	EndGlobalSection
	GlobalSection(SolutionProperties) = preSolution
		HideSolutionNode = FALSE
	EndGlobalSection
	GlobalSection(ProjectConfigurationPlatforms) = postSolution
		{02C30C89-A8EE-45E4-9D58-D47711F4ED01}.Debug|Any CPU.ActiveCfg = Debug|Any CPU
		{02C30C89-A8EE-45E4-9D58-D47711F4ED01}.Debug|Any CPU.Build.0 = Debug|Any CPU
		{02C30C89-A8EE-45E4-9D58-D47711F4ED01}.Release|Any CPU.ActiveCfg = Release|Any CPU
		{02C30C89-A8EE-45E4-9D58-D47711F4ED01}.Release|Any CPU.Build.0 = Release|Any CPU
		{68D1F560-3B6C-4442-BDB6-DC28365E18B5}.Debug|Any CPU.ActiveCfg = Debug|Any CPU
		{68D1F560-3B6C-4442-BDB6-DC28365E18B5}.Debug|Any CPU.Build.0 = Debug|Any CPU
		{68D1F560-3B6C-4442-BDB6-DC28365E18B5}.Release|Any CPU.ActiveCfg = Release|Any CPU
		{68D1F560-3B6C-4442-BDB6-DC28365E18B5}.Release|Any CPU.Build.0 = Release|Any CPU
	EndGlobalSection
EndGlobal
