
Microsoft Visual Studio Solution File, Format Version 12.00
# Visual Studio Version 17
VisualStudioVersion = 17.1.32328.378
MinimumVisualStudioVersion = 10.0.40219.1
Project("{9A19103F-16F7-4668-BE54-9A1E7A4F7556}") = "DemoApp.ConApp", "DemoApp.Console\DemoApp.ConApp.csproj", "{620E65C3-4AAC-4886-832A-17C08DA67942}"
EndProject
Project("{FAE04EC0-301F-11D3-BF4B-00C04F79EFBC}") = "DemoApp.UI", "DemoApp.UI\DemoApp.UI.csproj", "{55E2527F-6904-46F0-8F16-96E7832316DF}"
EndProject
Global
	GlobalSection(SolutionConfigurationPlatforms) = preSolution
		Debug|Any CPU = Debug|Any CPU
		Release|Any CPU = Release|Any CPU
	EndGlobalSection
	GlobalSection(ProjectConfigurationPlatforms) = postSolution
		{620E65C3-4AAC-4886-832A-17C08DA67942}.Debug|Any CPU.ActiveCfg = Debug|Any CPU
		{620E65C3-4AAC-4886-832A-17C08DA67942}.Debug|Any CPU.Build.0 = Debug|Any CPU
		{620E65C3-4AAC-4886-832A-17C08DA67942}.Release|Any CPU.ActiveCfg = Release|Any CPU
		{620E65C3-4AAC-4886-832A-17C08DA67942}.Release|Any CPU.Build.0 = Release|Any CPU
		{55E2527F-6904-46F0-8F16-96E7832316DF}.Debug|Any CPU.ActiveCfg = Debug|Any CPU
		{55E2527F-6904-46F0-8F16-96E7832316DF}.Debug|Any CPU.Build.0 = Debug|Any CPU
		{55E2527F-6904-46F0-8F16-96E7832316DF}.Release|Any CPU.ActiveCfg = Release|Any CPU
		{55E2527F-6904-46F0-8F16-96E7832316DF}.Release|Any CPU.Build.0 = Release|Any CPU
	EndGlobalSection
	GlobalSection(SolutionProperties) = preSolution
		HideSolutionNode = FALSE
	EndGlobalSection
	GlobalSection(ExtensibilityGlobals) = postSolution
		SolutionGuid = {1A3961AB-E171-4AA7-A9CB-6D7FC3AE9152}
	EndGlobalSection
EndGlobal
